// !$*UTF8*$!
{
	archiveVersion = 1;
	classes = {
	};
	objectVersion = 50;
	objects = {

/* Begin PBXBuildFile section */
		8891578E223197D6001E907F /* BoulderViewController.swift in Sources */ = {isa = PBXBuildFile; fileRef = 8891578D223197D6001E907F /* BoulderViewController.swift */; };
		88C39D1F2231934500B3EFA7 /* MenuViewController.swift in Sources */ = {isa = PBXBuildFile; fileRef = 88C39D1E2231934500B3EFA7 /* MenuViewController.swift */; };
		88DD62EB222E426400A1A040 /* FBSDKCoreKit.framework in Frameworks */ = {isa = PBXBuildFile; fileRef = 88DD62E7222E426200A1A040 /* FBSDKCoreKit.framework */; };
		88DD62EC222E426400A1A040 /* FBSDKLoginKit.framework in Frameworks */ = {isa = PBXBuildFile; fileRef = 88DD62E8222E426300A1A040 /* FBSDKLoginKit.framework */; };
		88DD62ED222E426400A1A040 /* Bolts.framework in Frameworks */ = {isa = PBXBuildFile; fileRef = 88DD62E9222E426300A1A040 /* Bolts.framework */; };
		88DD62EE222E426400A1A040 /* FBSDKShareKit.framework in Frameworks */ = {isa = PBXBuildFile; fileRef = 88DD62EA222E426400A1A040 /* FBSDKShareKit.framework */; };
		88E76885222B0D60007A0CCB /* AppDelegate.swift in Sources */ = {isa = PBXBuildFile; fileRef = 88E76884222B0D60007A0CCB /* AppDelegate.swift */; };
		88E76887222B0D60007A0CCB /* ViewController.swift in Sources */ = {isa = PBXBuildFile; fileRef = 88E76886222B0D60007A0CCB /* ViewController.swift */; };
		88E7688A222B0D60007A0CCB /* Main.storyboard in Resources */ = {isa = PBXBuildFile; fileRef = 88E76888222B0D60007A0CCB /* Main.storyboard */; };
		88E7688D222B0D60007A0CCB /* fusionApp.xcdatamodeld in Sources */ = {isa = PBXBuildFile; fileRef = 88E7688B222B0D60007A0CCB /* fusionApp.xcdatamodeld */; };
		88E7688F222B0D62007A0CCB /* Assets.xcassets in Resources */ = {isa = PBXBuildFile; fileRef = 88E7688E222B0D62007A0CCB /* Assets.xcassets */; };
		88E76892222B0D62007A0CCB /* LaunchScreen.storyboard in Resources */ = {isa = PBXBuildFile; fileRef = 88E76890222B0D62007A0CCB /* LaunchScreen.storyboard */; };
		88E7689D222B0D63007A0CCB /* fusionAppTests.swift in Sources */ = {isa = PBXBuildFile; fileRef = 88E7689C222B0D63007A0CCB /* fusionAppTests.swift */; };
		88E768A8222B0D63007A0CCB /* fusionAppUITests.swift in Sources */ = {isa = PBXBuildFile; fileRef = 88E768A7222B0D63007A0CCB /* fusionAppUITests.swift */; };
		88E768B6222B0F54007A0CCB /* LogInViewController.swift in Sources */ = {isa = PBXBuildFile; fileRef = 88E768B5222B0F54007A0CCB /* LogInViewController.swift */; };
		88E768B9222B119E007A0CCB /* HomeViewController.swift in Sources */ = {isa = PBXBuildFile; fileRef = 88E768B8222B119E007A0CCB /* HomeViewController.swift */; };
		88E768BC222B1FEB007A0CCB /* GoogleService-Info.plist in Resources */ = {isa = PBXBuildFile; fileRef = 88E768BB222B1FEB007A0CCB /* GoogleService-Info.plist */; };
		BEF1950ED71E3F35E5A48A63 /* Pods_fusionApp.framework in Frameworks */ = {isa = PBXBuildFile; fileRef = 5E04CDBEF3C2F606B77F9463 /* Pods_fusionApp.framework */; };
		D88CAF18DC0624113A9E5DE7 /* Pods_fusionAppUITests.framework in Frameworks */ = {isa = PBXBuildFile; fileRef = C79D1AB43F0CC34D79C63DEE /* Pods_fusionAppUITests.framework */; };
		D9B53325AFC019A09474A909 /* Pods_fusionAppTests.framework in Frameworks */ = {isa = PBXBuildFile; fileRef = F346FE404D0EDACFAF829BF8 /* Pods_fusionAppTests.framework */; };
/* End PBXBuildFile section */

/* Begin PBXContainerItemProxy section */
		88E76899222B0D63007A0CCB /* PBXContainerItemProxy */ = {
			isa = PBXContainerItemProxy;
			containerPortal = 88E76879222B0D60007A0CCB /* Project object */;
			proxyType = 1;
			remoteGlobalIDString = 88E76880222B0D60007A0CCB;
			remoteInfo = fusionApp;
		};
		88E768A4222B0D63007A0CCB /* PBXContainerItemProxy */ = {
			isa = PBXContainerItemProxy;
			containerPortal = 88E76879222B0D60007A0CCB /* Project object */;
			proxyType = 1;
			remoteGlobalIDString = 88E76880222B0D60007A0CCB;
			remoteInfo = fusionApp;
		};
/* End PBXContainerItemProxy section */

/* Begin PBXFileReference section */
		0175D9F9443B4F6A73855565 /* Pods-fusionAppTests.release.xcconfig */ = {isa = PBXFileReference; includeInIndex = 1; lastKnownFileType = text.xcconfig; name = "Pods-fusionAppTests.release.xcconfig"; path = "Target Support Files/Pods-fusionAppTests/Pods-fusionAppTests.release.xcconfig"; sourceTree = "<group>"; };
		3BBFC89FB3F36D8192398A0B /* Pods-fusionAppTests.debug.xcconfig */ = {isa = PBXFileReference; includeInIndex = 1; lastKnownFileType = text.xcconfig; name = "Pods-fusionAppTests.debug.xcconfig"; path = "Target Support Files/Pods-fusionAppTests/Pods-fusionAppTests.debug.xcconfig"; sourceTree = "<group>"; };
		5E04CDBEF3C2F606B77F9463 /* Pods_fusionApp.framework */ = {isa = PBXFileReference; explicitFileType = wrapper.framework; includeInIndex = 0; path = Pods_fusionApp.framework; sourceTree = BUILT_PRODUCTS_DIR; };
		6396A04C338121D623308BF5 /* Pods-fusionApp.debug.xcconfig */ = {isa = PBXFileReference; includeInIndex = 1; lastKnownFileType = text.xcconfig; name = "Pods-fusionApp.debug.xcconfig"; path = "Target Support Files/Pods-fusionApp/Pods-fusionApp.debug.xcconfig"; sourceTree = "<group>"; };
		8891578D223197D6001E907F /* BoulderViewController.swift */ = {isa = PBXFileReference; lastKnownFileType = sourcecode.swift; path = BoulderViewController.swift; sourceTree = "<group>"; };
		88C39D1E2231934500B3EFA7 /* MenuViewController.swift */ = {isa = PBXFileReference; lastKnownFileType = sourcecode.swift; path = MenuViewController.swift; sourceTree = "<group>"; };
		88DD62E7222E426200A1A040 /* FBSDKCoreKit.framework */ = {isa = PBXFileReference; lastKnownFileType = wrapper.framework; path = FBSDKCoreKit.framework; sourceTree = "<group>"; };
		88DD62E8222E426300A1A040 /* FBSDKLoginKit.framework */ = {isa = PBXFileReference; lastKnownFileType = wrapper.framework; path = FBSDKLoginKit.framework; sourceTree = "<group>"; };
		88DD62E9222E426300A1A040 /* Bolts.framework */ = {isa = PBXFileReference; lastKnownFileType = wrapper.framework; path = Bolts.framework; sourceTree = "<group>"; };
		88DD62EA222E426400A1A040 /* FBSDKShareKit.framework */ = {isa = PBXFileReference; lastKnownFileType = wrapper.framework; path = FBSDKShareKit.framework; sourceTree = "<group>"; };
		88E76881222B0D60007A0CCB /* fusionApp.app */ = {isa = PBXFileReference; explicitFileType = wrapper.application; includeInIndex = 0; path = fusionApp.app; sourceTree = BUILT_PRODUCTS_DIR; };
		88E76884222B0D60007A0CCB /* AppDelegate.swift */ = {isa = PBXFileReference; lastKnownFileType = sourcecode.swift; path = AppDelegate.swift; sourceTree = "<group>"; };
		88E76886222B0D60007A0CCB /* ViewController.swift */ = {isa = PBXFileReference; lastKnownFileType = sourcecode.swift; path = ViewController.swift; sourceTree = "<group>"; };
		88E76889222B0D60007A0CCB /* Base */ = {isa = PBXFileReference; lastKnownFileType = file.storyboard; name = Base; path = Base.lproj/Main.storyboard; sourceTree = "<group>"; };
		88E7688C222B0D60007A0CCB /* fusionApp.xcdatamodel */ = {isa = PBXFileReference; lastKnownFileType = wrapper.xcdatamodel; path = fusionApp.xcdatamodel; sourceTree = "<group>"; };
		88E7688E222B0D62007A0CCB /* Assets.xcassets */ = {isa = PBXFileReference; lastKnownFileType = folder.assetcatalog; path = Assets.xcassets; sourceTree = "<group>"; };
		88E76891222B0D62007A0CCB /* Base */ = {isa = PBXFileReference; lastKnownFileType = file.storyboard; name = Base; path = Base.lproj/LaunchScreen.storyboard; sourceTree = "<group>"; };
		88E76893222B0D62007A0CCB /* Info.plist */ = {isa = PBXFileReference; lastKnownFileType = text.plist.xml; path = Info.plist; sourceTree = "<group>"; };
		88E76898222B0D63007A0CCB /* fusionAppTests.xctest */ = {isa = PBXFileReference; explicitFileType = wrapper.cfbundle; includeInIndex = 0; path = fusionAppTests.xctest; sourceTree = BUILT_PRODUCTS_DIR; };
		88E7689C222B0D63007A0CCB /* fusionAppTests.swift */ = {isa = PBXFileReference; lastKnownFileType = sourcecode.swift; path = fusionAppTests.swift; sourceTree = "<group>"; };
		88E7689E222B0D63007A0CCB /* Info.plist */ = {isa = PBXFileReference; lastKnownFileType = text.plist.xml; path = Info.plist; sourceTree = "<group>"; };
		88E768A3222B0D63007A0CCB /* fusionAppUITests.xctest */ = {isa = PBXFileReference; explicitFileType = wrapper.cfbundle; includeInIndex = 0; path = fusionAppUITests.xctest; sourceTree = BUILT_PRODUCTS_DIR; };
		88E768A7222B0D63007A0CCB /* fusionAppUITests.swift */ = {isa = PBXFileReference; lastKnownFileType = sourcecode.swift; path = fusionAppUITests.swift; sourceTree = "<group>"; };
		88E768A9222B0D63007A0CCB /* Info.plist */ = {isa = PBXFileReference; lastKnownFileType = text.plist.xml; path = Info.plist; sourceTree = "<group>"; };
		88E768B5222B0F54007A0CCB /* LogInViewController.swift */ = {isa = PBXFileReference; lastKnownFileType = sourcecode.swift; path = LogInViewController.swift; sourceTree = "<group>"; };
		88E768B8222B119E007A0CCB /* HomeViewController.swift */ = {isa = PBXFileReference; lastKnownFileType = sourcecode.swift; path = HomeViewController.swift; sourceTree = "<group>"; };
		88E768BB222B1FEB007A0CCB /* GoogleService-Info.plist */ = {isa = PBXFileReference; fileEncoding = 4; lastKnownFileType = text.plist.xml; path = "GoogleService-Info.plist"; sourceTree = "<group>"; };
		92F40070ABC5BEA9121EB679 /* Pods-fusionApp.release.xcconfig */ = {isa = PBXFileReference; includeInIndex = 1; lastKnownFileType = text.xcconfig; name = "Pods-fusionApp.release.xcconfig"; path = "Target Support Files/Pods-fusionApp/Pods-fusionApp.release.xcconfig"; sourceTree = "<group>"; };
		9A2588DE4B02D68871B050C4 /* Pods-fusionAppUITests.release.xcconfig */ = {isa = PBXFileReference; includeInIndex = 1; lastKnownFileType = text.xcconfig; name = "Pods-fusionAppUITests.release.xcconfig"; path = "Target Support Files/Pods-fusionAppUITests/Pods-fusionAppUITests.release.xcconfig"; sourceTree = "<group>"; };
		C79D1AB43F0CC34D79C63DEE /* Pods_fusionAppUITests.framework */ = {isa = PBXFileReference; explicitFileType = wrapper.framework; includeInIndex = 0; path = Pods_fusionAppUITests.framework; sourceTree = BUILT_PRODUCTS_DIR; };
		CE393977B88A40DD9B8DFDD9 /* Pods-fusionAppUITests.debug.xcconfig */ = {isa = PBXFileReference; includeInIndex = 1; lastKnownFileType = text.xcconfig; name = "Pods-fusionAppUITests.debug.xcconfig"; path = "Target Support Files/Pods-fusionAppUITests/Pods-fusionAppUITests.debug.xcconfig"; sourceTree = "<group>"; };
		F346FE404D0EDACFAF829BF8 /* Pods_fusionAppTests.framework */ = {isa = PBXFileReference; explicitFileType = wrapper.framework; includeInIndex = 0; path = Pods_fusionAppTests.framework; sourceTree = BUILT_PRODUCTS_DIR; };
/* End PBXFileReference section */

/* Begin PBXFrameworksBuildPhase section */
		88E7687E222B0D60007A0CCB /* Frameworks */ = {
			isa = PBXFrameworksBuildPhase;
			buildActionMask = 2147483647;
			files = (
				BEF1950ED71E3F35E5A48A63 /* Pods_fusionApp.framework in Frameworks */,
				88DD62EB222E426400A1A040 /* FBSDKCoreKit.framework in Frameworks */,
				88DD62EE222E426400A1A040 /* FBSDKShareKit.framework in Frameworks */,
				88DD62EC222E426400A1A040 /* FBSDKLoginKit.framework in Frameworks */,
				88DD62ED222E426400A1A040 /* Bolts.framework in Frameworks */,
			);
			runOnlyForDeploymentPostprocessing = 0;
		};
		88E76895222B0D63007A0CCB /* Frameworks */ = {
			isa = PBXFrameworksBuildPhase;
			buildActionMask = 2147483647;
			files = (
				D9B53325AFC019A09474A909 /* Pods_fusionAppTests.framework in Frameworks */,
			);
			runOnlyForDeploymentPostprocessing = 0;
		};
		88E768A0222B0D63007A0CCB /* Frameworks */ = {
			isa = PBXFrameworksBuildPhase;
			buildActionMask = 2147483647;
			files = (
				D88CAF18DC0624113A9E5DE7 /* Pods_fusionAppUITests.framework in Frameworks */,
			);
			runOnlyForDeploymentPostprocessing = 0;
		};
/* End PBXFrameworksBuildPhase section */

/* Begin PBXGroup section */
		52BAAFC57571BDDE055582FB /* Frameworks */ = {
			isa = PBXGroup;
			children = (
				5E04CDBEF3C2F606B77F9463 /* Pods_fusionApp.framework */,
				F346FE404D0EDACFAF829BF8 /* Pods_fusionAppTests.framework */,
				C79D1AB43F0CC34D79C63DEE /* Pods_fusionAppUITests.framework */,
			);
			name = Frameworks;
			sourceTree = "<group>";
		};
		8891578F223197FA001E907F /* Boulder */ = {
			isa = PBXGroup;
			children = (
				8891578D223197D6001E907F /* BoulderViewController.swift */,
			);
			path = Boulder;
			sourceTree = "<group>";
		};
		889157902231980D001E907F /* Menu */ = {
			isa = PBXGroup;
			children = (
				88C39D1E2231934500B3EFA7 /* MenuViewController.swift */,
			);
			path = Menu;
			sourceTree = "<group>";
		};
		88E76878222B0D60007A0CCB = {
			isa = PBXGroup;
			children = (
				88E76883222B0D60007A0CCB /* fusionApp */,
				88E7689B222B0D63007A0CCB /* fusionAppTests */,
				88E768A6222B0D63007A0CCB /* fusionAppUITests */,
				88E76882222B0D60007A0CCB /* Products */,
				D214B0EC942937C24EDF6F76 /* Pods */,
				52BAAFC57571BDDE055582FB /* Frameworks */,
			);
			sourceTree = "<group>";
		};
		88E76882222B0D60007A0CCB /* Products */ = {
			isa = PBXGroup;
			children = (
				88E76881222B0D60007A0CCB /* fusionApp.app */,
				88E76898222B0D63007A0CCB /* fusionAppTests.xctest */,
				88E768A3222B0D63007A0CCB /* fusionAppUITests.xctest */,
			);
			name = Products;
			sourceTree = "<group>";
		};
		88E76883222B0D60007A0CCB /* fusionApp */ = {
			isa = PBXGroup;
			children = (
				88E76884222B0D60007A0CCB /* AppDelegate.swift */,
				88E76886222B0D60007A0CCB /* ViewController.swift */,
				88E76888222B0D60007A0CCB /* Main.storyboard */,
				88E768B7222B118D007A0CCB /* LogIn */,
				889157902231980D001E907F /* Menu */,
				8891578F223197FA001E907F /* Boulder */,
				88E768BA222B11C7007A0CCB /* Home */,
				88E7688E222B0D62007A0CCB /* Assets.xcassets */,
				88E76890222B0D62007A0CCB /* LaunchScreen.storyboard */,
				88E76893222B0D62007A0CCB /* Info.plist */,
				88E768BB222B1FEB007A0CCB /* GoogleService-Info.plist */,
				88E7688B222B0D60007A0CCB /* fusionApp.xcdatamodeld */,
				88DD62E9222E426300A1A040 /* Bolts.framework */,
				88DD62E7222E426200A1A040 /* FBSDKCoreKit.framework */,
				88DD62E8222E426300A1A040 /* FBSDKLoginKit.framework */,
				88DD62EA222E426400A1A040 /* FBSDKShareKit.framework */,
			);
			path = fusionApp;
			sourceTree = "<group>";
		};
		88E7689B222B0D63007A0CCB /* fusionAppTests */ = {
			isa = PBXGroup;
			children = (
				88E7689C222B0D63007A0CCB /* fusionAppTests.swift */,
				88E7689E222B0D63007A0CCB /* Info.plist */,
			);
			path = fusionAppTests;
			sourceTree = "<group>";
		};
		88E768A6222B0D63007A0CCB /* fusionAppUITests */ = {
			isa = PBXGroup;
			children = (
				88E768A7222B0D63007A0CCB /* fusionAppUITests.swift */,
				88E768A9222B0D63007A0CCB /* Info.plist */,
			);
			path = fusionAppUITests;
			sourceTree = "<group>";
		};
		88E768B7222B118D007A0CCB /* LogIn */ = {
			isa = PBXGroup;
			children = (
				88E768B5222B0F54007A0CCB /* LogInViewController.swift */,
			);
			path = LogIn;
			sourceTree = "<group>";
		};
		88E768BA222B11C7007A0CCB /* Home */ = {
			isa = PBXGroup;
			children = (
				88E768B8222B119E007A0CCB /* HomeViewController.swift */,
			);
			path = Home;
			sourceTree = "<group>";
		};
		D214B0EC942937C24EDF6F76 /* Pods */ = {
			isa = PBXGroup;
			children = (
				6396A04C338121D623308BF5 /* Pods-fusionApp.debug.xcconfig */,
				92F40070ABC5BEA9121EB679 /* Pods-fusionApp.release.xcconfig */,
				3BBFC89FB3F36D8192398A0B /* Pods-fusionAppTests.debug.xcconfig */,
				0175D9F9443B4F6A73855565 /* Pods-fusionAppTests.release.xcconfig */,
				CE393977B88A40DD9B8DFDD9 /* Pods-fusionAppUITests.debug.xcconfig */,
				9A2588DE4B02D68871B050C4 /* Pods-fusionAppUITests.release.xcconfig */,
			);
			path = Pods;
			sourceTree = "<group>";
		};
/* End PBXGroup section */

/* Begin PBXNativeTarget section */
		88E76880222B0D60007A0CCB /* fusionApp */ = {
			isa = PBXNativeTarget;
			buildConfigurationList = 88E768AC222B0D63007A0CCB /* Build configuration list for PBXNativeTarget "fusionApp" */;
			buildPhases = (
				6BAAA5A8DE0F49B90B1FB9BE /* [CP] Check Pods Manifest.lock */,
				88E7687D222B0D60007A0CCB /* Sources */,
				88E7687E222B0D60007A0CCB /* Frameworks */,
				88E7687F222B0D60007A0CCB /* Resources */,
				DD2C637BDA3D268C12720E01 /* [CP] Embed Pods Frameworks */,
				07C0CB890DD867107856CB0A /* [CP] Copy Pods Resources */,
			);
			buildRules = (
			);
			dependencies = (
			);
			name = fusionApp;
			productName = fusionApp;
			productReference = 88E76881222B0D60007A0CCB /* fusionApp.app */;
			productType = "com.apple.product-type.application";
		};
		88E76897222B0D63007A0CCB /* fusionAppTests */ = {
			isa = PBXNativeTarget;
			buildConfigurationList = 88E768AF222B0D63007A0CCB /* Build configuration list for PBXNativeTarget "fusionAppTests" */;
			buildPhases = (
				24509E52436465F80836F6D5 /* [CP] Check Pods Manifest.lock */,
				88E76894222B0D63007A0CCB /* Sources */,
				88E76895222B0D63007A0CCB /* Frameworks */,
				88E76896222B0D63007A0CCB /* Resources */,
			);
			buildRules = (
			);
			dependencies = (
				88E7689A222B0D63007A0CCB /* PBXTargetDependency */,
			);
			name = fusionAppTests;
			productName = fusionAppTests;
			productReference = 88E76898222B0D63007A0CCB /* fusionAppTests.xctest */;
			productType = "com.apple.product-type.bundle.unit-test";
		};
		88E768A2222B0D63007A0CCB /* fusionAppUITests */ = {
			isa = PBXNativeTarget;
			buildConfigurationList = 88E768B2222B0D63007A0CCB /* Build configuration list for PBXNativeTarget "fusionAppUITests" */;
			buildPhases = (
				5F93ECB782DAE2840A704CC7 /* [CP] Check Pods Manifest.lock */,
				88E7689F222B0D63007A0CCB /* Sources */,
				88E768A0222B0D63007A0CCB /* Frameworks */,
				88E768A1222B0D63007A0CCB /* Resources */,
			);
			buildRules = (
			);
			dependencies = (
				88E768A5222B0D63007A0CCB /* PBXTargetDependency */,
			);
			name = fusionAppUITests;
			productName = fusionAppUITests;
			productReference = 88E768A3222B0D63007A0CCB /* fusionAppUITests.xctest */;
			productType = "com.apple.product-type.bundle.ui-testing";
		};
/* End PBXNativeTarget section */

/* Begin PBXProject section */
		88E76879222B0D60007A0CCB /* Project object */ = {
			isa = PBXProject;
			attributes = {
				LastSwiftUpdateCheck = 1010;
				LastUpgradeCheck = 1010;
				ORGANIZATIONNAME = reset;
				TargetAttributes = {
					88E76880222B0D60007A0CCB = {
						CreatedOnToolsVersion = 10.1;
					};
					88E76897222B0D63007A0CCB = {
						CreatedOnToolsVersion = 10.1;
						TestTargetID = 88E76880222B0D60007A0CCB;
					};
					88E768A2222B0D63007A0CCB = {
						CreatedOnToolsVersion = 10.1;
						TestTargetID = 88E76880222B0D60007A0CCB;
					};
				};
			};
			buildConfigurationList = 88E7687C222B0D60007A0CCB /* Build configuration list for PBXProject "fusionApp" */;
			compatibilityVersion = "Xcode 9.3";
			developmentRegion = en;
			hasScannedForEncodings = 0;
			knownRegions = (
				en,
				Base,
			);
			mainGroup = 88E76878222B0D60007A0CCB;
			productRefGroup = 88E76882222B0D60007A0CCB /* Products */;
			projectDirPath = "";
			projectRoot = "";
			targets = (
				88E76880222B0D60007A0CCB /* fusionApp */,
				88E76897222B0D63007A0CCB /* fusionAppTests */,
				88E768A2222B0D63007A0CCB /* fusionAppUITests */,
			);
		};
/* End PBXProject section */

/* Begin PBXResourcesBuildPhase section */
		88E7687F222B0D60007A0CCB /* Resources */ = {
			isa = PBXResourcesBuildPhase;
			buildActionMask = 2147483647;
			files = (
				88E76892222B0D62007A0CCB /* LaunchScreen.storyboard in Resources */,
				88E768BC222B1FEB007A0CCB /* GoogleService-Info.plist in Resources */,
				88E7688F222B0D62007A0CCB /* Assets.xcassets in Resources */,
				88E7688A222B0D60007A0CCB /* Main.storyboard in Resources */,
			);
			runOnlyForDeploymentPostprocessing = 0;
		};
		88E76896222B0D63007A0CCB /* Resources */ = {
			isa = PBXResourcesBuildPhase;
			buildActionMask = 2147483647;
			files = (
			);
			runOnlyForDeploymentPostprocessing = 0;
		};
		88E768A1222B0D63007A0CCB /* Resources */ = {
			isa = PBXResourcesBuildPhase;
			buildActionMask = 2147483647;
			files = (
			);
			runOnlyForDeploymentPostprocessing = 0;
		};
/* End PBXResourcesBuildPhase section */

/* Begin PBXShellScriptBuildPhase section */
		07C0CB890DD867107856CB0A /* [CP] Copy Pods Resources */ = {
			isa = PBXShellScriptBuildPhase;
			buildActionMask = 2147483647;
			files = (
			);
			inputFileListPaths = (
			);
			inputPaths = (
				"${PODS_ROOT}/Target Support Files/Pods-fusionApp/Pods-fusionApp-resources.sh",
				"${PODS_ROOT}/GoogleSignIn/Resources/GoogleSignIn.bundle",
			);
			name = "[CP] Copy Pods Resources";
			outputFileListPaths = (
			);
			outputPaths = (
				"${TARGET_BUILD_DIR}/${UNLOCALIZED_RESOURCES_FOLDER_PATH}/GoogleSignIn.bundle",
			);
			runOnlyForDeploymentPostprocessing = 0;
			shellPath = /bin/sh;
			shellScript = "\"${PODS_ROOT}/Target Support Files/Pods-fusionApp/Pods-fusionApp-resources.sh\"\n";
			showEnvVarsInLog = 0;
		};
		24509E52436465F80836F6D5 /* [CP] Check Pods Manifest.lock */ = {
			isa = PBXShellScriptBuildPhase;
			buildActionMask = 2147483647;
			files = (
			);
			inputFileListPaths = (
			);
			inputPaths = (
				"${PODS_PODFILE_DIR_PATH}/Podfile.lock",
				"${PODS_ROOT}/Manifest.lock",
			);
			name = "[CP] Check Pods Manifest.lock";
			outputFileListPaths = (
			);
			outputPaths = (
				"$(DERIVED_FILE_DIR)/Pods-fusionAppTests-checkManifestLockResult.txt",
			);
			runOnlyForDeploymentPostprocessing = 0;
			shellPath = /bin/sh;
			shellScript = "diff \"${PODS_PODFILE_DIR_PATH}/Podfile.lock\" \"${PODS_ROOT}/Manifest.lock\" > /dev/null\nif [ $? != 0 ] ; then\n    # print error to STDERR\n    echo \"error: The sandbox is not in sync with the Podfile.lock. Run 'pod install' or update your CocoaPods installation.\" >&2\n    exit 1\nfi\n# This output is used by Xcode 'outputs' to avoid re-running this script phase.\necho \"SUCCESS\" > \"${SCRIPT_OUTPUT_FILE_0}\"\n";
			showEnvVarsInLog = 0;
		};
		5F93ECB782DAE2840A704CC7 /* [CP] Check Pods Manifest.lock */ = {
			isa = PBXShellScriptBuildPhase;
			buildActionMask = 2147483647;
			files = (
			);
			inputFileListPaths = (
			);
			inputPaths = (
				"${PODS_PODFILE_DIR_PATH}/Podfile.lock",
				"${PODS_ROOT}/Manifest.lock",
			);
			name = "[CP] Check Pods Manifest.lock";
			outputFileListPaths = (
			);
			outputPaths = (
				"$(DERIVED_FILE_DIR)/Pods-fusionAppUITests-checkManifestLockResult.txt",
			);
			runOnlyForDeploymentPostprocessing = 0;
			shellPath = /bin/sh;
			shellScript = "diff \"${PODS_PODFILE_DIR_PATH}/Podfile.lock\" \"${PODS_ROOT}/Manifest.lock\" > /dev/null\nif [ $? != 0 ] ; then\n    # print error to STDERR\n    echo \"error: The sandbox is not in sync with the Podfile.lock. Run 'pod install' or update your CocoaPods installation.\" >&2\n    exit 1\nfi\n# This output is used by Xcode 'outputs' to avoid re-running this script phase.\necho \"SUCCESS\" > \"${SCRIPT_OUTPUT_FILE_0}\"\n";
			showEnvVarsInLog = 0;
		};
		6BAAA5A8DE0F49B90B1FB9BE /* [CP] Check Pods Manifest.lock */ = {
			isa = PBXShellScriptBuildPhase;
			buildActionMask = 2147483647;
			files = (
			);
			inputFileListPaths = (
			);
			inputPaths = (
				"${PODS_PODFILE_DIR_PATH}/Podfile.lock",
				"${PODS_ROOT}/Manifest.lock",
			);
			name = "[CP] Check Pods Manifest.lock";
			outputFileListPaths = (
			);
			outputPaths = (
				"$(DERIVED_FILE_DIR)/Pods-fusionApp-checkManifestLockResult.txt",
			);
			runOnlyForDeploymentPostprocessing = 0;
			shellPath = /bin/sh;
			shellScript = "diff \"${PODS_PODFILE_DIR_PATH}/Podfile.lock\" \"${PODS_ROOT}/Manifest.lock\" > /dev/null\nif [ $? != 0 ] ; then\n    # print error to STDERR\n    echo \"error: The sandbox is not in sync with the Podfile.lock. Run 'pod install' or update your CocoaPods installation.\" >&2\n    exit 1\nfi\n# This output is used by Xcode 'outputs' to avoid re-running this script phase.\necho \"SUCCESS\" > \"${SCRIPT_OUTPUT_FILE_0}\"\n";
			showEnvVarsInLog = 0;
		};
		DD2C637BDA3D268C12720E01 /* [CP] Embed Pods Frameworks */ = {
			isa = PBXShellScriptBuildPhase;
			buildActionMask = 2147483647;
			files = (
			);
			inputFileListPaths = (
			);
			inputPaths = (
				"${PODS_ROOT}/Target Support Files/Pods-fusionApp/Pods-fusionApp-frameworks.sh",
				"${BUILT_PRODUCTS_DIR}/Bolts/Bolts.framework",
				"${BUILT_PRODUCTS_DIR}/BoringSSL-GRPC/openssl_grpc.framework",
				"${BUILT_PRODUCTS_DIR}/FBSDKCoreKit/FBSDKCoreKit.framework",
				"${BUILT_PRODUCTS_DIR}/FBSDKLoginKit/FBSDKLoginKit.framework",
				"${BUILT_PRODUCTS_DIR}/FBSDKShareKit/FBSDKShareKit.framework",
				"${BUILT_PRODUCTS_DIR}/FacebookCore/FacebookCore.framework",
				"${BUILT_PRODUCTS_DIR}/FacebookLogin/FacebookLogin.framework",
				"${BUILT_PRODUCTS_DIR}/FacebookShare/FacebookShare.framework",
				"${BUILT_PRODUCTS_DIR}/GTMSessionFetcher/GTMSessionFetcher.framework",
				"${BUILT_PRODUCTS_DIR}/GoogleToolboxForMac/GoogleToolboxForMac.framework",
				"${BUILT_PRODUCTS_DIR}/GoogleUtilities/GoogleUtilities.framework",
				"${BUILT_PRODUCTS_DIR}/Protobuf/Protobuf.framework",
				"${BUILT_PRODUCTS_DIR}/gRPC-C++/grpcpp.framework",
				"${BUILT_PRODUCTS_DIR}/gRPC-Core/grpc.framework",
				"${BUILT_PRODUCTS_DIR}/leveldb-library/leveldb.framework",
				"${BUILT_PRODUCTS_DIR}/nanopb/nanopb.framework",
			);
			name = "[CP] Embed Pods Frameworks";
			outputFileListPaths = (
			);
			outputPaths = (
				"${TARGET_BUILD_DIR}/${FRAMEWORKS_FOLDER_PATH}/Bolts.framework",
				"${TARGET_BUILD_DIR}/${FRAMEWORKS_FOLDER_PATH}/openssl_grpc.framework",
				"${TARGET_BUILD_DIR}/${FRAMEWORKS_FOLDER_PATH}/FBSDKCoreKit.framework",
				"${TARGET_BUILD_DIR}/${FRAMEWORKS_FOLDER_PATH}/FBSDKLoginKit.framework",
				"${TARGET_BUILD_DIR}/${FRAMEWORKS_FOLDER_PATH}/FBSDKShareKit.framework",
				"${TARGET_BUILD_DIR}/${FRAMEWORKS_FOLDER_PATH}/FacebookCore.framework",
				"${TARGET_BUILD_DIR}/${FRAMEWORKS_FOLDER_PATH}/FacebookLogin.framework",
				"${TARGET_BUILD_DIR}/${FRAMEWORKS_FOLDER_PATH}/FacebookShare.framework",
				"${TARGET_BUILD_DIR}/${FRAMEWORKS_FOLDER_PATH}/GTMSessionFetcher.framework",
				"${TARGET_BUILD_DIR}/${FRAMEWORKS_FOLDER_PATH}/GoogleToolboxForMac.framework",
				"${TARGET_BUILD_DIR}/${FRAMEWORKS_FOLDER_PATH}/GoogleUtilities.framework",
				"${TARGET_BUILD_DIR}/${FRAMEWORKS_FOLDER_PATH}/Protobuf.framework",
				"${TARGET_BUILD_DIR}/${FRAMEWORKS_FOLDER_PATH}/grpcpp.framework",
				"${TARGET_BUILD_DIR}/${FRAMEWORKS_FOLDER_PATH}/grpc.framework",
				"${TARGET_BUILD_DIR}/${FRAMEWORKS_FOLDER_PATH}/leveldb.framework",
				"${TARGET_BUILD_DIR}/${FRAMEWORKS_FOLDER_PATH}/nanopb.framework",
			);
			runOnlyForDeploymentPostprocessing = 0;
			shellPath = /bin/sh;
			shellScript = "\"${PODS_ROOT}/Target Support Files/Pods-fusionApp/Pods-fusionApp-frameworks.sh\"\n";
			showEnvVarsInLog = 0;
		};
/* End PBXShellScriptBuildPhase section */

/* Begin PBXSourcesBuildPhase section */
		88E7687D222B0D60007A0CCB /* Sources */ = {
			isa = PBXSourcesBuildPhase;
			buildActionMask = 2147483647;
			files = (
				88E768B9222B119E007A0CCB /* HomeViewController.swift in Sources */,
				88C39D1F2231934500B3EFA7 /* MenuViewController.swift in Sources */,
				88E768B6222B0F54007A0CCB /* LogInViewController.swift in Sources */,
				88E76887222B0D60007A0CCB /* ViewController.swift in Sources */,
				88E76885222B0D60007A0CCB /* AppDelegate.swift in Sources */,
				88E7688D222B0D60007A0CCB /* fusionApp.xcdatamodeld in Sources */,
				8891578E223197D6001E907F /* BoulderViewController.swift in Sources */,
			);
			runOnlyForDeploymentPostprocessing = 0;
		};
		88E76894222B0D63007A0CCB /* Sources */ = {
			isa = PBXSourcesBuildPhase;
			buildActionMask = 2147483647;
			files = (
				88E7689D222B0D63007A0CCB /* fusionAppTests.swift in Sources */,
			);
			runOnlyForDeploymentPostprocessing = 0;
		};
		88E7689F222B0D63007A0CCB /* Sources */ = {
			isa = PBXSourcesBuildPhase;
			buildActionMask = 2147483647;
			files = (
				88E768A8222B0D63007A0CCB /* fusionAppUITests.swift in Sources */,
			);
			runOnlyForDeploymentPostprocessing = 0;
		};
/* End PBXSourcesBuildPhase section */

/* Begin PBXTargetDependency section */
		88E7689A222B0D63007A0CCB /* PBXTargetDependency */ = {
			isa = PBXTargetDependency;
			target = 88E76880222B0D60007A0CCB /* fusionApp */;
			targetProxy = 88E76899222B0D63007A0CCB /* PBXContainerItemProxy */;
		};
		88E768A5222B0D63007A0CCB /* PBXTargetDependency */ = {
			isa = PBXTargetDependency;
			target = 88E76880222B0D60007A0CCB /* fusionApp */;
			targetProxy = 88E768A4222B0D63007A0CCB /* PBXContainerItemProxy */;
		};
/* End PBXTargetDependency section */

/* Begin PBXVariantGroup section */
		88E76888222B0D60007A0CCB /* Main.storyboard */ = {
			isa = PBXVariantGroup;
			children = (
				88E76889222B0D60007A0CCB /* Base */,
			);
			name = Main.storyboard;
			sourceTree = "<group>";
		};
		88E76890222B0D62007A0CCB /* LaunchScreen.storyboard */ = {
			isa = PBXVariantGroup;
			children = (
				88E76891222B0D62007A0CCB /* Base */,
			);
			name = LaunchScreen.storyboard;
			sourceTree = "<group>";
		};
/* End PBXVariantGroup section */

/* Begin XCBuildConfiguration section */
		88E768AA222B0D63007A0CCB /* Debug */ = {
			isa = XCBuildConfiguration;
			buildSettings = {
				ALWAYS_SEARCH_USER_PATHS = NO;
				CLANG_ANALYZER_NONNULL = YES;
				CLANG_ANALYZER_NUMBER_OBJECT_CONVERSION = YES_AGGRESSIVE;
				CLANG_CXX_LANGUAGE_STANDARD = "gnu++14";
				CLANG_CXX_LIBRARY = "libc++";
				CLANG_ENABLE_MODULES = YES;
				CLANG_ENABLE_OBJC_ARC = YES;
				CLANG_ENABLE_OBJC_WEAK = YES;
				CLANG_WARN_BLOCK_CAPTURE_AUTORELEASING = YES;
				CLANG_WARN_BOOL_CONVERSION = YES;
				CLANG_WARN_COMMA = YES;
				CLANG_WARN_CONSTANT_CONVERSION = YES;
				CLANG_WARN_DEPRECATED_OBJC_IMPLEMENTATIONS = YES;
				CLANG_WARN_DIRECT_OBJC_ISA_USAGE = YES_ERROR;
				CLANG_WARN_DOCUMENTATION_COMMENTS = YES;
				CLANG_WARN_EMPTY_BODY = YES;
				CLANG_WARN_ENUM_CONVERSION = YES;
				CLANG_WARN_INFINITE_RECURSION = YES;
				CLANG_WARN_INT_CONVERSION = YES;
				CLANG_WARN_NON_LITERAL_NULL_CONVERSION = YES;
				CLANG_WARN_OBJC_IMPLICIT_RETAIN_SELF = YES;
				CLANG_WARN_OBJC_LITERAL_CONVERSION = YES;
				CLANG_WARN_OBJC_ROOT_CLASS = YES_ERROR;
				CLANG_WARN_RANGE_LOOP_ANALYSIS = YES;
				CLANG_WARN_STRICT_PROTOTYPES = YES;
				CLANG_WARN_SUSPICIOUS_MOVE = YES;
				CLANG_WARN_UNGUARDED_AVAILABILITY = YES_AGGRESSIVE;
				CLANG_WARN_UNREACHABLE_CODE = YES;
				CLANG_WARN__DUPLICATE_METHOD_MATCH = YES;
				CODE_SIGN_IDENTITY = "iPhone Developer";
				COPY_PHASE_STRIP = NO;
				DEBUG_INFORMATION_FORMAT = dwarf;
				ENABLE_STRICT_OBJC_MSGSEND = YES;
				ENABLE_TESTABILITY = YES;
				GCC_C_LANGUAGE_STANDARD = gnu11;
				GCC_DYNAMIC_NO_PIC = NO;
				GCC_NO_COMMON_BLOCKS = YES;
				GCC_OPTIMIZATION_LEVEL = 0;
				GCC_PREPROCESSOR_DEFINITIONS = (
					"DEBUG=1",
					"$(inherited)",
				);
				GCC_WARN_64_TO_32_BIT_CONVERSION = YES;
				GCC_WARN_ABOUT_RETURN_TYPE = YES_ERROR;
				GCC_WARN_UNDECLARED_SELECTOR = YES;
				GCC_WARN_UNINITIALIZED_AUTOS = YES_AGGRESSIVE;
				GCC_WARN_UNUSED_FUNCTION = YES;
				GCC_WARN_UNUSED_VARIABLE = YES;
				IPHONEOS_DEPLOYMENT_TARGET = 12.1;
				MTL_ENABLE_DEBUG_INFO = INCLUDE_SOURCE;
				MTL_FAST_MATH = YES;
				ONLY_ACTIVE_ARCH = YES;
				"OTHER_LDFLAGS[arch=*]" = "-ObjC";
				SDKROOT = iphoneos;
				SWIFT_ACTIVE_COMPILATION_CONDITIONS = DEBUG;
				SWIFT_OPTIMIZATION_LEVEL = "-Onone";
			};
			name = Debug;
		};
		88E768AB222B0D63007A0CCB /* Release */ = {
			isa = XCBuildConfiguration;
			buildSettings = {
				ALWAYS_SEARCH_USER_PATHS = NO;
				CLANG_ANALYZER_NONNULL = YES;
				CLANG_ANALYZER_NUMBER_OBJECT_CONVERSION = YES_AGGRESSIVE;
				CLANG_CXX_LANGUAGE_STANDARD = "gnu++14";
				CLANG_CXX_LIBRARY = "libc++";
				CLANG_ENABLE_MODULES = YES;
				CLANG_ENABLE_OBJC_ARC = YES;
				CLANG_ENABLE_OBJC_WEAK = YES;
				CLANG_WARN_BLOCK_CAPTURE_AUTORELEASING = YES;
				CLANG_WARN_BOOL_CONVERSION = YES;
				CLANG_WARN_COMMA = YES;
				CLANG_WARN_CONSTANT_CONVERSION = YES;
				CLANG_WARN_DEPRECATED_OBJC_IMPLEMENTATIONS = YES;
				CLANG_WARN_DIRECT_OBJC_ISA_USAGE = YES_ERROR;
				CLANG_WARN_DOCUMENTATION_COMMENTS = YES;
				CLANG_WARN_EMPTY_BODY = YES;
				CLANG_WARN_ENUM_CONVERSION = YES;
				CLANG_WARN_INFINITE_RECURSION = YES;
				CLANG_WARN_INT_CONVERSION = YES;
				CLANG_WARN_NON_LITERAL_NULL_CONVERSION = YES;
				CLANG_WARN_OBJC_IMPLICIT_RETAIN_SELF = YES;
				CLANG_WARN_OBJC_LITERAL_CONVERSION = YES;
				CLANG_WARN_OBJC_ROOT_CLASS = YES_ERROR;
				CLANG_WARN_RANGE_LOOP_ANALYSIS = YES;
				CLANG_WARN_STRICT_PROTOTYPES = YES;
				CLANG_WARN_SUSPICIOUS_MOVE = YES;
				CLANG_WARN_UNGUARDED_AVAILABILITY = YES_AGGRESSIVE;
				CLANG_WARN_UNREACHABLE_CODE = YES;
				CLANG_WARN__DUPLICATE_METHOD_MATCH = YES;
				CODE_SIGN_IDENTITY = "iPhone Developer";
				COPY_PHASE_STRIP = NO;
				DEBUG_INFORMATION_FORMAT = "dwarf-with-dsym";
				ENABLE_NS_ASSERTIONS = NO;
				ENABLE_STRICT_OBJC_MSGSEND = YES;
				GCC_C_LANGUAGE_STANDARD = gnu11;
				GCC_NO_COMMON_BLOCKS = YES;
				GCC_WARN_64_TO_32_BIT_CONVERSION = YES;
				GCC_WARN_ABOUT_RETURN_TYPE = YES_ERROR;
				GCC_WARN_UNDECLARED_SELECTOR = YES;
				GCC_WARN_UNINITIALIZED_AUTOS = YES_AGGRESSIVE;
				GCC_WARN_UNUSED_FUNCTION = YES;
				GCC_WARN_UNUSED_VARIABLE = YES;
				IPHONEOS_DEPLOYMENT_TARGET = 12.1;
				MTL_ENABLE_DEBUG_INFO = NO;
				MTL_FAST_MATH = YES;
				"OTHER_LDFLAGS[arch=*]" = "-ObjC";
				SDKROOT = iphoneos;
				SWIFT_COMPILATION_MODE = wholemodule;
				SWIFT_OPTIMIZATION_LEVEL = "-O";
				VALIDATE_PRODUCT = YES;
			};
			name = Release;
		};
		88E768AD222B0D63007A0CCB /* Debug */ = {
			isa = XCBuildConfiguration;
			baseConfigurationReference = 6396A04C338121D623308BF5 /* Pods-fusionApp.debug.xcconfig */;
			buildSettings = {
				ASSETCATALOG_COMPILER_APPICON_NAME = AppIcon;
				CODE_SIGN_STYLE = Automatic;
				DEVELOPMENT_TEAM = 2KAGQ44QH8;
				FRAMEWORK_SEARCH_PATHS = (
					"$(inherited)",
					"$(PROJECT_DIR)/fusionApp",
				);
				INFOPLIST_FILE = fusionApp/Info.plist;
				LD_RUNPATH_SEARCH_PATHS = (
					"$(inherited)",
					"@executable_path/Frameworks",
				);
				PRODUCT_BUNDLE_IDENTIFIER = reset.fusionApp;
				PRODUCT_NAME = "$(TARGET_NAME)";
				SWIFT_VERSION = 4.2;
				TARGETED_DEVICE_FAMILY = "1,2";
			};
			name = Debug;
		};
		88E768AE222B0D63007A0CCB /* Release */ = {
			isa = XCBuildConfiguration;
			baseConfigurationReference = 92F40070ABC5BEA9121EB679 /* Pods-fusionApp.release.xcconfig */;
			buildSettings = {
				ASSETCATALOG_COMPILER_APPICON_NAME = AppIcon;
				CODE_SIGN_STYLE = Automatic;
				DEVELOPMENT_TEAM = 2KAGQ44QH8;
				FRAMEWORK_SEARCH_PATHS = (
					"$(inherited)",
					"$(PROJECT_DIR)/fusionApp",
				);
				INFOPLIST_FILE = fusionApp/Info.plist;
				LD_RUNPATH_SEARCH_PATHS = (
					"$(inherited)",
					"@executable_path/Frameworks",
				);
				PRODUCT_BUNDLE_IDENTIFIER = reset.fusionApp;
				PRODUCT_NAME = "$(TARGET_NAME)";
				SWIFT_VERSION = 4.2;
				TARGETED_DEVICE_FAMILY = "1,2";
			};
			name = Release;
		};
		88E768B0222B0D63007A0CCB /* Debug */ = {
			isa = XCBuildConfiguration;
			baseConfigurationReference = 3BBFC89FB3F36D8192398A0B /* Pods-fusionAppTests.debug.xcconfig */;
			buildSettings = {
				ALWAYS_EMBED_SWIFT_STANDARD_LIBRARIES = YES;
				BUNDLE_LOADER = "$(TEST_HOST)";
				CODE_SIGN_STYLE = Automatic;
				DEVELOPMENT_TEAM = 2KAGQ44QH8;
				INFOPLIST_FILE = fusionAppTests/Info.plist;
				LD_RUNPATH_SEARCH_PATHS = (
					"$(inherited)",
					"@executable_path/Frameworks",
					"@loader_path/Frameworks",
				);
				PRODUCT_BUNDLE_IDENTIFIER = reset.fusionAppTests;
				PRODUCT_NAME = "$(TARGET_NAME)";
				SWIFT_VERSION = 4.2;
				TARGETED_DEVICE_FAMILY = "1,2";
				TEST_HOST = "$(BUILT_PRODUCTS_DIR)/fusionApp.app/fusionApp";
			};
			name = Debug;
		};
		88E768B1222B0D63007A0CCB /* Release */ = {
			isa = XCBuildConfiguration;
			baseConfigurationReference = 0175D9F9443B4F6A73855565 /* Pods-fusionAppTests.release.xcconfig */;
			buildSettings = {
				ALWAYS_EMBED_SWIFT_STANDARD_LIBRARIES = YES;
				BUNDLE_LOADER = "$(TEST_HOST)";
				CODE_SIGN_STYLE = Automatic;
				DEVELOPMENT_TEAM = 2KAGQ44QH8;
				INFOPLIST_FILE = fusionAppTests/Info.plist;
				LD_RUNPATH_SEARCH_PATHS = (
					"$(inherited)",
					"@executable_path/Frameworks",
					"@loader_path/Frameworks",
				);
				PRODUCT_BUNDLE_IDENTIFIER = reset.fusionAppTests;
				PRODUCT_NAME = "$(TARGET_NAME)";
				SWIFT_VERSION = 4.2;
				TARGETED_DEVICE_FAMILY = "1,2";
				TEST_HOST = "$(BUILT_PRODUCTS_DIR)/fusionApp.app/fusionApp";
			};
			name = Release;
		};
		88E768B3222B0D63007A0CCB /* Debug */ = {
			isa = XCBuildConfiguration;
			baseConfigurationReference = CE393977B88A40DD9B8DFDD9 /* Pods-fusionAppUITests.debug.xcconfig */;
			buildSettings = {
				ALWAYS_EMBED_SWIFT_STANDARD_LIBRARIES = YES;
				CODE_SIGN_STYLE = Automatic;
				DEVELOPMENT_TEAM = 2KAGQ44QH8;
				INFOPLIST_FILE = fusionAppUITests/Info.plist;
				LD_RUNPATH_SEARCH_PATHS = (
					"$(inherited)",
					"@executable_path/Frameworks",
					"@loader_path/Frameworks",
				);
				PRODUCT_BUNDLE_IDENTIFIER = reset.fusionAppUITests;
				PRODUCT_NAME = "$(TARGET_NAME)";
				SWIFT_VERSION = 4.2;
				TARGETED_DEVICE_FAMILY = "1,2";
				TEST_TARGET_NAME = fusionApp;
			};
			name = Debug;
		};
		88E768B4222B0D63007A0CCB /* Release */ = {
			isa = XCBuildConfiguration;
			baseConfigurationReference = 9A2588DE4B02D68871B050C4 /* Pods-fusionAppUITests.release.xcconfig */;
			buildSettings = {
				ALWAYS_EMBED_SWIFT_STANDARD_LIBRARIES = YES;
				CODE_SIGN_STYLE = Automatic;
				DEVELOPMENT_TEAM = 2KAGQ44QH8;
				INFOPLIST_FILE = fusionAppUITests/Info.plist;
				LD_RUNPATH_SEARCH_PATHS = (
					"$(inherited)",
					"@executable_path/Frameworks",
					"@loader_path/Frameworks",
				);
				PRODUCT_BUNDLE_IDENTIFIER = reset.fusionAppUITests;
				PRODUCT_NAME = "$(TARGET_NAME)";
				SWIFT_VERSION = 4.2;
				TARGETED_DEVICE_FAMILY = "1,2";
				TEST_TARGET_NAME = fusionApp;
			};
			name = Release;
		};
/* End XCBuildConfiguration section */

/* Begin XCConfigurationList section */
		88E7687C222B0D60007A0CCB /* Build configuration list for PBXProject "fusionApp" */ = {
			isa = XCConfigurationList;
			buildConfigurations = (
				88E768AA222B0D63007A0CCB /* Debug */,
				88E768AB222B0D63007A0CCB /* Release */,
			);
			defaultConfigurationIsVisible = 0;
			defaultConfigurationName = Release;
		};
		88E768AC222B0D63007A0CCB /* Build configuration list for PBXNativeTarget "fusionApp" */ = {
			isa = XCConfigurationList;
			buildConfigurations = (
				88E768AD222B0D63007A0CCB /* Debug */,
				88E768AE222B0D63007A0CCB /* Release */,
			);
			defaultConfigurationIsVisible = 0;
			defaultConfigurationName = Release;
		};
		88E768AF222B0D63007A0CCB /* Build configuration list for PBXNativeTarget "fusionAppTests" */ = {
			isa = XCConfigurationList;
			buildConfigurations = (
				88E768B0222B0D63007A0CCB /* Debug */,
				88E768B1222B0D63007A0CCB /* Release */,
			);
			defaultConfigurationIsVisible = 0;
			defaultConfigurationName = Release;
		};
		88E768B2222B0D63007A0CCB /* Build configuration list for PBXNativeTarget "fusionAppUITests" */ = {
			isa = XCConfigurationList;
			buildConfigurations = (
				88E768B3222B0D63007A0CCB /* Debug */,
				88E768B4222B0D63007A0CCB /* Release */,
			);
			defaultConfigurationIsVisible = 0;
			defaultConfigurationName = Release;
		};
/* End XCConfigurationList section */

/* Begin XCVersionGroup section */
		88E7688B222B0D60007A0CCB /* fusionApp.xcdatamodeld */ = {
			isa = XCVersionGroup;
			children = (
				88E7688C222B0D60007A0CCB /* fusionApp.xcdatamodel */,
			);
			currentVersion = 88E7688C222B0D60007A0CCB /* fusionApp.xcdatamodel */;
			path = fusionApp.xcdatamodeld;
			sourceTree = "<group>";
			versionGroupType = wrapper.xcdatamodel;
		};
/* End XCVersionGroup section */
	};
	rootObject = 88E76879222B0D60007A0CCB /* Project object */;
}
